
Microsoft Visual Studio Solution File, Format Version 12.00
Project("{FAE04EC0-301F-11D3-BF4B-00C04F79EFBC}") = "Ra3MapUtils", "Ra3MapUtils\Ra3MapUtils.csproj", "{C2D2FE89-9210-46B1-8A61-F488917F4EB9}"
EndProject
Project("{FAE04EC0-301F-11D3-BF4B-00C04F79EFBC}") = "UtilCoreLib", "UtilCoreLib\UtilCoreLib.csproj", "{7F188A5E-1CA4-4F66-A7F5-0EA28AF24B56}"
EndProject
Project("{FAE04EC0-301F-11D3-BF4B-00C04F79EFBC}") = "test_field", "test_field\test_field.csproj", "{226F2A02-AA1E-4D00-B3CE-86982F85D8D2}"
EndProject
Project("{FAE04EC0-301F-11D3-BF4B-00C04F79EFBC}") = "SharedFunctionLib", "SharedFunctionLib\SharedFunctionLib.csproj", "{2AEACE0F-A3A8-4CC9-BEF8-D5DCE72C4656}"
EndProject
Project("{FAE04EC0-301F-11D3-BF4B-00C04F79EFBC}") = "KnowledgeBaseLib", "KnowledgeBaseLib\KnowledgeBaseLib.csproj", "{D93B84EA-4A98-4F70-BD6F-B4F10A4C359E}"
EndProject
Project("{FAE04EC0-301F-11D3-BF4B-00C04F79EFBC}") = "KnowledgeBaseCli", "KnowledgeBaseCli\KnowledgeBaseCli.csproj", "{46612BDF-4E71-407A-8438-439E497B1FFD}"
EndProject
Project("{FAE04EC0-301F-11D3-BF4B-00C04F79EFBC}") = "WBLegacy", "WBLegacy\WBLegacy.csproj", "{0C2F2D08-467E-4200-8CC7-4C7725738DB2}"
EndProject
Project("{FAE04EC0-301F-11D3-BF4B-00C04F79EFBC}") = "UI", "src\UI\UI.csproj", "{1ADDA9CC-5AA7-428F-8BBE-E0FB8EEEBB34}"
EndProject
Project("{2150E333-8FDC-42A3-9474-1A3956D46DE8}") = "src", "src", "{827E0CD3-B72D-47B6-A68D-7590B98EB39B}"
EndProject
Project("{FAE04EC0-301F-11D3-BF4B-00C04F79EFBC}") = "Core", "src\Core\Core.csproj", "{755E517E-2F85-4712-9DA1-7AC5ABAC1B9B}"
EndProject
Global
	GlobalSection(SolutionConfigurationPlatforms) = preSolution
		Debug|Any CPU = Debug|Any CPU
		Debug|x64 = Debug|x64
		Debug|x86 = Debug|x86
		Release|Any CPU = Release|Any CPU
		Release|x64 = Release|x64
		Release|x86 = Release|x86
	EndGlobalSection
	GlobalSection(ProjectConfigurationPlatforms) = postSolution
		{C2D2FE89-9210-46B1-8A61-F488917F4EB9}.Debug|Any CPU.ActiveCfg = Debug|Any CPU
		{C2D2FE89-9210-46B1-8A61-F488917F4EB9}.Debug|Any CPU.Build.0 = Debug|Any CPU
		{C2D2FE89-9210-46B1-8A61-F488917F4EB9}.Debug|x64.ActiveCfg = Debug|Any CPU
		{C2D2FE89-9210-46B1-8A61-F488917F4EB9}.Debug|x64.Build.0 = Debug|Any CPU
		{C2D2FE89-9210-46B1-8A61-F488917F4EB9}.Debug|x86.ActiveCfg = Debug|Any CPU
		{C2D2FE89-9210-46B1-8A61-F488917F4EB9}.Debug|x86.Build.0 = Debug|Any CPU
		{C2D2FE89-9210-46B1-8A61-F488917F4EB9}.Release|Any CPU.ActiveCfg = Release|Any CPU
		{C2D2FE89-9210-46B1-8A61-F488917F4EB9}.Release|Any CPU.Build.0 = Release|Any CPU
		{C2D2FE89-9210-46B1-8A61-F488917F4EB9}.Release|x64.ActiveCfg = Release|Any CPU
		{C2D2FE89-9210-46B1-8A61-F488917F4EB9}.Release|x64.Build.0 = Release|Any CPU
		{C2D2FE89-9210-46B1-8A61-F488917F4EB9}.Release|x86.ActiveCfg = Release|Any CPU
		{C2D2FE89-9210-46B1-8A61-F488917F4EB9}.Release|x86.Build.0 = Release|Any CPU
		{7F188A5E-1CA4-4F66-A7F5-0EA28AF24B56}.Debug|Any CPU.ActiveCfg = Debug|Any CPU
		{7F188A5E-1CA4-4F66-A7F5-0EA28AF24B56}.Debug|Any CPU.Build.0 = Debug|Any CPU
		{7F188A5E-1CA4-4F66-A7F5-0EA28AF24B56}.Debug|x64.ActiveCfg = Debug|Any CPU
		{7F188A5E-1CA4-4F66-A7F5-0EA28AF24B56}.Debug|x64.Build.0 = Debug|Any CPU
		{7F188A5E-1CA4-4F66-A7F5-0EA28AF24B56}.Debug|x86.ActiveCfg = Debug|Any CPU
		{7F188A5E-1CA4-4F66-A7F5-0EA28AF24B56}.Debug|x86.Build.0 = Debug|Any CPU
		{7F188A5E-1CA4-4F66-A7F5-0EA28AF24B56}.Release|Any CPU.ActiveCfg = Release|Any CPU
		{7F188A5E-1CA4-4F66-A7F5-0EA28AF24B56}.Release|Any CPU.Build.0 = Release|Any CPU
		{7F188A5E-1CA4-4F66-A7F5-0EA28AF24B56}.Release|x64.ActiveCfg = Release|Any CPU
		{7F188A5E-1CA4-4F66-A7F5-0EA28AF24B56}.Release|x64.Build.0 = Release|Any CPU
		{7F188A5E-1CA4-4F66-A7F5-0EA28AF24B56}.Release|x86.ActiveCfg = Release|Any CPU
		{7F188A5E-1CA4-4F66-A7F5-0EA28AF24B56}.Release|x86.Build.0 = Release|Any CPU
		{226F2A02-AA1E-4D00-B3CE-86982F85D8D2}.Debug|Any CPU.ActiveCfg = Debug|Any CPU
		{226F2A02-AA1E-4D00-B3CE-86982F85D8D2}.Debug|Any CPU.Build.0 = Debug|Any CPU
		{226F2A02-AA1E-4D00-B3CE-86982F85D8D2}.Debug|x64.ActiveCfg = Debug|Any CPU
		{226F2A02-AA1E-4D00-B3CE-86982F85D8D2}.Debug|x64.Build.0 = Debug|Any CPU
		{226F2A02-AA1E-4D00-B3CE-86982F85D8D2}.Debug|x86.ActiveCfg = Debug|Any CPU
		{226F2A02-AA1E-4D00-B3CE-86982F85D8D2}.Debug|x86.Build.0 = Debug|Any CPU
		{226F2A02-AA1E-4D00-B3CE-86982F85D8D2}.Release|Any CPU.ActiveCfg = Release|Any CPU
		{226F2A02-AA1E-4D00-B3CE-86982F85D8D2}.Release|Any CPU.Build.0 = Release|Any CPU
		{226F2A02-AA1E-4D00-B3CE-86982F85D8D2}.Release|x64.ActiveCfg = Release|Any CPU
		{226F2A02-AA1E-4D00-B3CE-86982F85D8D2}.Release|x64.Build.0 = Release|Any CPU
		{226F2A02-AA1E-4D00-B3CE-86982F85D8D2}.Release|x86.ActiveCfg = Release|Any CPU
		{226F2A02-AA1E-4D00-B3CE-86982F85D8D2}.Release|x86.Build.0 = Release|Any CPU
		{2AEACE0F-A3A8-4CC9-BEF8-D5DCE72C4656}.Debug|Any CPU.ActiveCfg = Debug|Any CPU
		{2AEACE0F-A3A8-4CC9-BEF8-D5DCE72C4656}.Debug|Any CPU.Build.0 = Debug|Any CPU
		{2AEACE0F-A3A8-4CC9-BEF8-D5DCE72C4656}.Debug|x64.ActiveCfg = Debug|Any CPU
		{2AEACE0F-A3A8-4CC9-BEF8-D5DCE72C4656}.Debug|x64.Build.0 = Debug|Any CPU
		{2AEACE0F-A3A8-4CC9-BEF8-D5DCE72C4656}.Debug|x86.ActiveCfg = Debug|Any CPU
		{2AEACE0F-A3A8-4CC9-BEF8-D5DCE72C4656}.Debug|x86.Build.0 = Debug|Any CPU
		{2AEACE0F-A3A8-4CC9-BEF8-D5DCE72C4656}.Release|Any CPU.ActiveCfg = Release|Any CPU
		{2AEACE0F-A3A8-4CC9-BEF8-D5DCE72C4656}.Release|Any CPU.Build.0 = Release|Any CPU
		{2AEACE0F-A3A8-4CC9-BEF8-D5DCE72C4656}.Release|x64.ActiveCfg = Release|Any CPU
		{2AEACE0F-A3A8-4CC9-BEF8-D5DCE72C4656}.Release|x64.Build.0 = Release|Any CPU
		{2AEACE0F-A3A8-4CC9-BEF8-D5DCE72C4656}.Release|x86.ActiveCfg = Release|Any CPU
		{2AEACE0F-A3A8-4CC9-BEF8-D5DCE72C4656}.Release|x86.Build.0 = Release|Any CPU
		{D93B84EA-4A98-4F70-BD6F-B4F10A4C359E}.Debug|Any CPU.ActiveCfg = Debug|Any CPU
		{D93B84EA-4A98-4F70-BD6F-B4F10A4C359E}.Debug|Any CPU.Build.0 = Debug|Any CPU
		{D93B84EA-4A98-4F70-BD6F-B4F10A4C359E}.Debug|x64.ActiveCfg = Debug|Any CPU
		{D93B84EA-4A98-4F70-BD6F-B4F10A4C359E}.Debug|x64.Build.0 = Debug|Any CPU
		{D93B84EA-4A98-4F70-BD6F-B4F10A4C359E}.Debug|x86.ActiveCfg = Debug|Any CPU
		{D93B84EA-4A98-4F70-BD6F-B4F10A4C359E}.Debug|x86.Build.0 = Debug|Any CPU
		{D93B84EA-4A98-4F70-BD6F-B4F10A4C359E}.Release|Any CPU.ActiveCfg = Release|Any CPU
		{D93B84EA-4A98-4F70-BD6F-B4F10A4C359E}.Release|Any CPU.Build.0 = Release|Any CPU
		{D93B84EA-4A98-4F70-BD6F-B4F10A4C359E}.Release|x64.ActiveCfg = Release|Any CPU
		{D93B84EA-4A98-4F70-BD6F-B4F10A4C359E}.Release|x64.Build.0 = Release|Any CPU
		{D93B84EA-4A98-4F70-BD6F-B4F10A4C359E}.Release|x86.ActiveCfg = Release|Any CPU
		{D93B84EA-4A98-4F70-BD6F-B4F10A4C359E}.Release|x86.Build.0 = Release|Any CPU
		{46612BDF-4E71-407A-8438-439E497B1FFD}.Debug|Any CPU.ActiveCfg = Debug|Any CPU
		{46612BDF-4E71-407A-8438-439E497B1FFD}.Debug|Any CPU.Build.0 = Debug|Any CPU
		{46612BDF-4E71-407A-8438-439E497B1FFD}.Debug|x64.ActiveCfg = Debug|Any CPU
		{46612BDF-4E71-407A-8438-439E497B1FFD}.Debug|x64.Build.0 = Debug|Any CPU
		{46612BDF-4E71-407A-8438-439E497B1FFD}.Debug|x86.ActiveCfg = Debug|Any CPU
		{46612BDF-4E71-407A-8438-439E497B1FFD}.Debug|x86.Build.0 = Debug|Any CPU
		{46612BDF-4E71-407A-8438-439E497B1FFD}.Release|Any CPU.ActiveCfg = Release|Any CPU
		{46612BDF-4E71-407A-8438-439E497B1FFD}.Release|Any CPU.Build.0 = Release|Any CPU
		{46612BDF-4E71-407A-8438-439E497B1FFD}.Release|x64.ActiveCfg = Release|Any CPU
		{46612BDF-4E71-407A-8438-439E497B1FFD}.Release|x64.Build.0 = Release|Any CPU
		{46612BDF-4E71-407A-8438-439E497B1FFD}.Release|x86.ActiveCfg = Release|Any CPU
		{46612BDF-4E71-407A-8438-439E497B1FFD}.Release|x86.Build.0 = Release|Any CPU
		{0C2F2D08-467E-4200-8CC7-4C7725738DB2}.Debug|Any CPU.ActiveCfg = Debug|Any CPU
		{0C2F2D08-467E-4200-8CC7-4C7725738DB2}.Debug|Any CPU.Build.0 = Debug|Any CPU
		{0C2F2D08-467E-4200-8CC7-4C7725738DB2}.Debug|x64.ActiveCfg = Debug|Any CPU
		{0C2F2D08-467E-4200-8CC7-4C7725738DB2}.Debug|x64.Build.0 = Debug|Any CPU
		{0C2F2D08-467E-4200-8CC7-4C7725738DB2}.Debug|x86.ActiveCfg = Debug|Any CPU
		{0C2F2D08-467E-4200-8CC7-4C7725738DB2}.Debug|x86.Build.0 = Debug|Any CPU
		{0C2F2D08-467E-4200-8CC7-4C7725738DB2}.Release|Any CPU.ActiveCfg = Release|Any CPU
		{0C2F2D08-467E-4200-8CC7-4C7725738DB2}.Release|Any CPU.Build.0 = Release|Any CPU
		{0C2F2D08-467E-4200-8CC7-4C7725738DB2}.Release|x64.ActiveCfg = Release|Any CPU
		{0C2F2D08-467E-4200-8CC7-4C7725738DB2}.Release|x64.Build.0 = Release|Any CPU
		{0C2F2D08-467E-4200-8CC7-4C7725738DB2}.Release|x86.ActiveCfg = Release|Any CPU
		{0C2F2D08-467E-4200-8CC7-4C7725738DB2}.Release|x86.Build.0 = Release|Any CPU
		{1ADDA9CC-5AA7-428F-8BBE-E0FB8EEEBB34}.Debug|Any CPU.ActiveCfg = Debug|Any CPU
		{1ADDA9CC-5AA7-428F-8BBE-E0FB8EEEBB34}.Debug|Any CPU.Build.0 = Debug|Any CPU
		{1ADDA9CC-5AA7-428F-8BBE-E0FB8EEEBB34}.Debug|x64.ActiveCfg = Debug|Any CPU
		{1ADDA9CC-5AA7-428F-8BBE-E0FB8EEEBB34}.Debug|x64.Build.0 = Debug|Any CPU
		{1ADDA9CC-5AA7-428F-8BBE-E0FB8EEEBB34}.Debug|x86.ActiveCfg = Debug|Any CPU
		{1ADDA9CC-5AA7-428F-8BBE-E0FB8EEEBB34}.Debug|x86.Build.0 = Debug|Any CPU
		{1ADDA9CC-5AA7-428F-8BBE-E0FB8EEEBB34}.Release|Any CPU.ActiveCfg = Release|Any CPU
		{1ADDA9CC-5AA7-428F-8BBE-E0FB8EEEBB34}.Release|Any CPU.Build.0 = Release|Any CPU
		{1ADDA9CC-5AA7-428F-8BBE-E0FB8EEEBB34}.Release|x64.ActiveCfg = Release|Any CPU
		{1ADDA9CC-5AA7-428F-8BBE-E0FB8EEEBB34}.Release|x64.Build.0 = Release|Any CPU
		{1ADDA9CC-5AA7-428F-8BBE-E0FB8EEEBB34}.Release|x86.ActiveCfg = Release|Any CPU
		{1ADDA9CC-5AA7-428F-8BBE-E0FB8EEEBB34}.Release|x86.Build.0 = Release|Any CPU
		{755E517E-2F85-4712-9DA1-7AC5ABAC1B9B}.Debug|Any CPU.ActiveCfg = Debug|Any CPU
		{755E517E-2F85-4712-9DA1-7AC5ABAC1B9B}.Debug|Any CPU.Build.0 = Debug|Any CPU
		{755E517E-2F85-4712-9DA1-7AC5ABAC1B9B}.Debug|x64.ActiveCfg = Debug|Any CPU
		{755E517E-2F85-4712-9DA1-7AC5ABAC1B9B}.Debug|x64.Build.0 = Debug|Any CPU
		{755E517E-2F85-4712-9DA1-7AC5ABAC1B9B}.Debug|x86.ActiveCfg = Debug|Any CPU
		{755E517E-2F85-4712-9DA1-7AC5ABAC1B9B}.Debug|x86.Build.0 = Debug|Any CPU
		{755E517E-2F85-4712-9DA1-7AC5ABAC1B9B}.Release|Any CPU.ActiveCfg = Release|Any CPU
		{755E517E-2F85-4712-9DA1-7AC5ABAC1B9B}.Release|Any CPU.Build.0 = Release|Any CPU
		{755E517E-2F85-4712-9DA1-7AC5ABAC1B9B}.Release|x64.ActiveCfg = Release|Any CPU
		{755E517E-2F85-4712-9DA1-7AC5ABAC1B9B}.Release|x64.Build.0 = Release|Any CPU
		{755E517E-2F85-4712-9DA1-7AC5ABAC1B9B}.Release|x86.ActiveCfg = Release|Any CPU
		{755E517E-2F85-4712-9DA1-7AC5ABAC1B9B}.Release|x86.Build.0 = Release|Any CPU
	EndGlobalSection
	GlobalSection(SolutionProperties) = preSolution
		HideSolutionNode = FALSE
	EndGlobalSection
	GlobalSection(NestedProjects) = preSolution
		{755E517E-2F85-4712-9DA1-7AC5ABAC1B9B} = {827E0CD3-B72D-47B6-A68D-7590B98EB39B}
	EndGlobalSection
EndGlobal
